
Microsoft Visual Studio Solution File, Format Version 11.00
# Visual Studio 2010
Project("{F184B08F-C81C-45F6-A57F-5ABD9991F28F}") = "loyaltyGetStatus", "loyaltyGetStatus\loyaltyGetStatus.vbproj", "{DDC659FC-398D-4A21-B7FC-10F51050B042}"
EndProject
Global
	GlobalSection(SolutionConfigurationPlatforms) = preSolution
		Debug|x86 = Debug|x86
		Release|x86 = Release|x86
	EndGlobalSection
	GlobalSection(ProjectConfigurationPlatforms) = postSolution
		{DDC659FC-398D-4A21-B7FC-10F51050B042}.Debug|x86.ActiveCfg = Debug|x86
		{DDC659FC-398D-4A21-B7FC-10F51050B042}.Debug|x86.Build.0 = Debug|x86
		{DDC659FC-398D-4A21-B7FC-10F51050B042}.Release|x86.ActiveCfg = Release|x86
		{DDC659FC-398D-4A21-B7FC-10F51050B042}.Release|x86.Build.0 = Release|x86
	EndGlobalSection
	GlobalSection(SolutionProperties) = preSolution
		HideSolutionNode = FALSE
	EndGlobalSection
EndGlobal
